{
  "version": 4,
  "terraform_version": "1.4.0",
  "serial": 1,
  "lineage": "00000000-0000-0000-0000-000000000000",
  "outputs": {},
  "resources": [
    {
      "mode": "managed",
      "type": "aws_instance",
      "name": "example",
      "provider": "provider[\"registry.terraform.io/hashicorp/aws\"]",
      "instances": [
        {
          "schema_version": 1,
          "attributes": {
            "ami": "ami-12345678",
            "instance_type": "t2.micro",
            "tags": {
              "Name": "test-instance"
            },
            "vpc_security_group_ids": ["sg-00011122"],
            "id": "i-0abcd1234ef567890"
          }
        }
      ]
    }
  ]
}
